
Microsoft Visual Studio Solution File, Format Version 12.00
# Visual Studio Version 17
VisualStudioVersion = 17.3.32825.248
MinimumVisualStudioVersion = 10.0.40219.1
Project("{9A19103F-16F7-4668-BE54-9A1E7A4F7556}") = "D3DLab.FileFormats", "D3DLab.FileFormats\D3DLab.FileFormats.csproj", "{AC6C0201-65E2-42F5-8978-F9D04DF1989C}"
EndProject
Project("{9A19103F-16F7-4668-BE54-9A1E7A4F7556}") = "D3DLab.Toolkit", "D3DLab.Toolkit\D3DLab.Toolkit.csproj", "{728053D1-ABF4-4E66-9463-28C9FFFAD79B}"
EndProject
Project("{9A19103F-16F7-4668-BE54-9A1E7A4F7556}") = "D3DLab.ECS", "D3DLab.ECS\D3DLab.ECS.csproj", "{8D8A8247-8540-481F-BDF2-7DBDA9E6B0FA}"
EndProject
Project("{9A19103F-16F7-4668-BE54-9A1E7A4F7556}") = "D3DLab.SDX.Engine", "D3DLab.SDX.Engine\D3DLab.SDX.Engine.csproj", "{D38E51B5-4979-4E5E-889C-9969BF4C915A}"
EndProject
Project("{9A19103F-16F7-4668-BE54-9A1E7A4F7556}") = "D3DLab.Plugin", "D3DLab.Plugin\D3DLab.Plugin.csproj", "{A8CF0B7A-1D82-46EC-8615-3F43CB80BDE7}"
EndProject
Project("{9A19103F-16F7-4668-BE54-9A1E7A4F7556}") = "D3DLab.Toolkit.UnitTests", "D3DLab.Toolkit.UnitTests\D3DLab.Toolkit.UnitTests.csproj", "{96F24332-23A5-4DA5-A208-0381D33684DD}"
EndProject
Global
	GlobalSection(SolutionConfigurationPlatforms) = preSolution
		Debug|Any CPU = Debug|Any CPU
		Debug|x64 = Debug|x64
		Debug|x86 = Debug|x86
		Release|Any CPU = Release|Any CPU
		Release|x64 = Release|x64
		Release|x86 = Release|x86
		ReleaseStrip|Any CPU = ReleaseStrip|Any CPU
		ReleaseStrip|x64 = ReleaseStrip|x64
		ReleaseStrip|x86 = ReleaseStrip|x86
		ReleaseStripNoProfiling|Any CPU = ReleaseStripNoProfiling|Any CPU
		ReleaseStripNoProfiling|x64 = ReleaseStripNoProfiling|x64
		ReleaseStripNoProfiling|x86 = ReleaseStripNoProfiling|x86
	EndGlobalSection
	GlobalSection(ProjectConfigurationPlatforms) = postSolution
		{AC6C0201-65E2-42F5-8978-F9D04DF1989C}.Debug|Any CPU.ActiveCfg = Debug|Any CPU
		{AC6C0201-65E2-42F5-8978-F9D04DF1989C}.Debug|Any CPU.Build.0 = Debug|Any CPU
		{AC6C0201-65E2-42F5-8978-F9D04DF1989C}.Debug|x64.ActiveCfg = Debug|Any CPU
		{AC6C0201-65E2-42F5-8978-F9D04DF1989C}.Debug|x64.Build.0 = Debug|Any CPU
		{AC6C0201-65E2-42F5-8978-F9D04DF1989C}.Debug|x86.ActiveCfg = Debug|Any CPU
		{AC6C0201-65E2-42F5-8978-F9D04DF1989C}.Debug|x86.Build.0 = Debug|Any CPU
		{AC6C0201-65E2-42F5-8978-F9D04DF1989C}.Release|Any CPU.ActiveCfg = Release|Any CPU
		{AC6C0201-65E2-42F5-8978-F9D04DF1989C}.Release|Any CPU.Build.0 = Release|Any CPU
		{AC6C0201-65E2-42F5-8978-F9D04DF1989C}.Release|x64.ActiveCfg = Release|x64
		{AC6C0201-65E2-42F5-8978-F9D04DF1989C}.Release|x64.Build.0 = Release|x64
		{AC6C0201-65E2-42F5-8978-F9D04DF1989C}.Release|x86.ActiveCfg = Release|Any CPU
		{AC6C0201-65E2-42F5-8978-F9D04DF1989C}.Release|x86.Build.0 = Release|Any CPU
		{AC6C0201-65E2-42F5-8978-F9D04DF1989C}.ReleaseStrip|Any CPU.ActiveCfg = Release|Any CPU
		{AC6C0201-65E2-42F5-8978-F9D04DF1989C}.ReleaseStrip|Any CPU.Build.0 = Release|Any CPU
		{AC6C0201-65E2-42F5-8978-F9D04DF1989C}.ReleaseStrip|x64.ActiveCfg = Release|Any CPU
		{AC6C0201-65E2-42F5-8978-F9D04DF1989C}.ReleaseStrip|x64.Build.0 = Release|Any CPU
		{AC6C0201-65E2-42F5-8978-F9D04DF1989C}.ReleaseStrip|x86.ActiveCfg = Release|Any CPU
		{AC6C0201-65E2-42F5-8978-F9D04DF1989C}.ReleaseStrip|x86.Build.0 = Release|Any CPU
		{AC6C0201-65E2-42F5-8978-F9D04DF1989C}.ReleaseStripNoProfiling|Any CPU.ActiveCfg = Release|Any CPU
		{AC6C0201-65E2-42F5-8978-F9D04DF1989C}.ReleaseStripNoProfiling|Any CPU.Build.0 = Release|Any CPU
		{AC6C0201-65E2-42F5-8978-F9D04DF1989C}.ReleaseStripNoProfiling|x64.ActiveCfg = Release|Any CPU
		{AC6C0201-65E2-42F5-8978-F9D04DF1989C}.ReleaseStripNoProfiling|x64.Build.0 = Release|Any CPU
		{AC6C0201-65E2-42F5-8978-F9D04DF1989C}.ReleaseStripNoProfiling|x86.ActiveCfg = Release|Any CPU
		{AC6C0201-65E2-42F5-8978-F9D04DF1989C}.ReleaseStripNoProfiling|x86.Build.0 = Release|Any CPU
		{728053D1-ABF4-4E66-9463-28C9FFFAD79B}.Debug|Any CPU.ActiveCfg = Debug|Any CPU
		{728053D1-ABF4-4E66-9463-28C9FFFAD79B}.Debug|Any CPU.Build.0 = Debug|Any CPU
		{728053D1-ABF4-4E66-9463-28C9FFFAD79B}.Debug|x64.ActiveCfg = Debug|Any CPU
		{728053D1-ABF4-4E66-9463-28C9FFFAD79B}.Debug|x64.Build.0 = Debug|Any CPU
		{728053D1-ABF4-4E66-9463-28C9FFFAD79B}.Debug|x86.ActiveCfg = Debug|Any CPU
		{728053D1-ABF4-4E66-9463-28C9FFFAD79B}.Debug|x86.Build.0 = Debug|Any CPU
		{728053D1-ABF4-4E66-9463-28C9FFFAD79B}.Release|Any CPU.ActiveCfg = Release|Any CPU
		{728053D1-ABF4-4E66-9463-28C9FFFAD79B}.Release|Any CPU.Build.0 = Release|Any CPU
		{728053D1-ABF4-4E66-9463-28C9FFFAD79B}.Release|x64.ActiveCfg = Release|x64
		{728053D1-ABF4-4E66-9463-28C9FFFAD79B}.Release|x64.Build.0 = Release|x64
		{728053D1-ABF4-4E66-9463-28C9FFFAD79B}.Release|x86.ActiveCfg = Release|Any CPU
		{728053D1-ABF4-4E66-9463-28C9FFFAD79B}.Release|x86.Build.0 = Release|Any CPU
		{728053D1-ABF4-4E66-9463-28C9FFFAD79B}.ReleaseStrip|Any CPU.ActiveCfg = Release|Any CPU
		{728053D1-ABF4-4E66-9463-28C9FFFAD79B}.ReleaseStrip|Any CPU.Build.0 = Release|Any CPU
		{728053D1-ABF4-4E66-9463-28C9FFFAD79B}.ReleaseStrip|x64.ActiveCfg = Release|Any CPU
		{728053D1-ABF4-4E66-9463-28C9FFFAD79B}.ReleaseStrip|x64.Build.0 = Release|Any CPU
		{728053D1-ABF4-4E66-9463-28C9FFFAD79B}.ReleaseStrip|x86.ActiveCfg = Release|Any CPU
		{728053D1-ABF4-4E66-9463-28C9FFFAD79B}.ReleaseStrip|x86.Build.0 = Release|Any CPU
		{728053D1-ABF4-4E66-9463-28C9FFFAD79B}.ReleaseStripNoProfiling|Any CPU.ActiveCfg = Release|Any CPU
		{728053D1-ABF4-4E66-9463-28C9FFFAD79B}.ReleaseStripNoProfiling|Any CPU.Build.0 = Release|Any CPU
		{728053D1-ABF4-4E66-9463-28C9FFFAD79B}.ReleaseStripNoProfiling|x64.ActiveCfg = Release|Any CPU
		{728053D1-ABF4-4E66-9463-28C9FFFAD79B}.ReleaseStripNoProfiling|x64.Build.0 = Release|Any CPU
		{728053D1-ABF4-4E66-9463-28C9FFFAD79B}.ReleaseStripNoProfiling|x86.ActiveCfg = Release|Any CPU
		{728053D1-ABF4-4E66-9463-28C9FFFAD79B}.ReleaseStripNoProfiling|x86.Build.0 = Release|Any CPU
		{8D8A8247-8540-481F-BDF2-7DBDA9E6B0FA}.Debug|Any CPU.ActiveCfg = Debug|Any CPU
		{8D8A8247-8540-481F-BDF2-7DBDA9E6B0FA}.Debug|Any CPU.Build.0 = Debug|Any CPU
		{8D8A8247-8540-481F-BDF2-7DBDA9E6B0FA}.Debug|x64.ActiveCfg = Debug|Any CPU
		{8D8A8247-8540-481F-BDF2-7DBDA9E6B0FA}.Debug|x64.Build.0 = Debug|Any CPU
		{8D8A8247-8540-481F-BDF2-7DBDA9E6B0FA}.Debug|x86.ActiveCfg = Debug|Any CPU
		{8D8A8247-8540-481F-BDF2-7DBDA9E6B0FA}.Debug|x86.Build.0 = Debug|Any CPU
		{8D8A8247-8540-481F-BDF2-7DBDA9E6B0FA}.Release|Any CPU.ActiveCfg = Release|Any CPU
		{8D8A8247-8540-481F-BDF2-7DBDA9E6B0FA}.Release|Any CPU.Build.0 = Release|Any CPU
		{8D8A8247-8540-481F-BDF2-7DBDA9E6B0FA}.Release|x64.ActiveCfg = Release|x64
		{8D8A8247-8540-481F-BDF2-7DBDA9E6B0FA}.Release|x64.Build.0 = Release|x64
		{8D8A8247-8540-481F-BDF2-7DBDA9E6B0FA}.Release|x86.ActiveCfg = Release|Any CPU
		{8D8A8247-8540-481F-BDF2-7DBDA9E6B0FA}.Release|x86.Build.0 = Release|Any CPU
		{8D8A8247-8540-481F-BDF2-7DBDA9E6B0FA}.ReleaseStrip|Any CPU.ActiveCfg = Release|Any CPU
		{8D8A8247-8540-481F-BDF2-7DBDA9E6B0FA}.ReleaseStrip|Any CPU.Build.0 = Release|Any CPU
		{8D8A8247-8540-481F-BDF2-7DBDA9E6B0FA}.ReleaseStrip|x64.ActiveCfg = Release|Any CPU
		{8D8A8247-8540-481F-BDF2-7DBDA9E6B0FA}.ReleaseStrip|x64.Build.0 = Release|Any CPU
		{8D8A8247-8540-481F-BDF2-7DBDA9E6B0FA}.ReleaseStrip|x86.ActiveCfg = Release|Any CPU
		{8D8A8247-8540-481F-BDF2-7DBDA9E6B0FA}.ReleaseStrip|x86.Build.0 = Release|Any CPU
		{8D8A8247-8540-481F-BDF2-7DBDA9E6B0FA}.ReleaseStripNoProfiling|Any CPU.ActiveCfg = Release|Any CPU
		{8D8A8247-8540-481F-BDF2-7DBDA9E6B0FA}.ReleaseStripNoProfiling|Any CPU.Build.0 = Release|Any CPU
		{8D8A8247-8540-481F-BDF2-7DBDA9E6B0FA}.ReleaseStripNoProfiling|x64.ActiveCfg = Release|Any CPU
		{8D8A8247-8540-481F-BDF2-7DBDA9E6B0FA}.ReleaseStripNoProfiling|x64.Build.0 = Release|Any CPU
		{8D8A8247-8540-481F-BDF2-7DBDA9E6B0FA}.ReleaseStripNoProfiling|x86.ActiveCfg = Release|Any CPU
		{8D8A8247-8540-481F-BDF2-7DBDA9E6B0FA}.ReleaseStripNoProfiling|x86.Build.0 = Release|Any CPU
		{D38E51B5-4979-4E5E-889C-9969BF4C915A}.Debug|Any CPU.ActiveCfg = Debug|Any CPU
		{D38E51B5-4979-4E5E-889C-9969BF4C915A}.Debug|Any CPU.Build.0 = Debug|Any CPU
		{D38E51B5-4979-4E5E-889C-9969BF4C915A}.Debug|x64.ActiveCfg = Debug|Any CPU
		{D38E51B5-4979-4E5E-889C-9969BF4C915A}.Debug|x64.Build.0 = Debug|Any CPU
		{D38E51B5-4979-4E5E-889C-9969BF4C915A}.Debug|x86.ActiveCfg = Debug|Any CPU
		{D38E51B5-4979-4E5E-889C-9969BF4C915A}.Debug|x86.Build.0 = Debug|Any CPU
		{D38E51B5-4979-4E5E-889C-9969BF4C915A}.Release|Any CPU.ActiveCfg = Release|Any CPU
		{D38E51B5-4979-4E5E-889C-9969BF4C915A}.Release|Any CPU.Build.0 = Release|Any CPU
		{D38E51B5-4979-4E5E-889C-9969BF4C915A}.Release|x64.ActiveCfg = Release|x64
		{D38E51B5-4979-4E5E-889C-9969BF4C915A}.Release|x64.Build.0 = Release|x64
		{D38E51B5-4979-4E5E-889C-9969BF4C915A}.Release|x86.ActiveCfg = Release|Any CPU
		{D38E51B5-4979-4E5E-889C-9969BF4C915A}.Release|x86.Build.0 = Release|Any CPU
		{D38E51B5-4979-4E5E-889C-9969BF4C915A}.ReleaseStrip|Any CPU.ActiveCfg = Release|Any CPU
		{D38E51B5-4979-4E5E-889C-9969BF4C915A}.ReleaseStrip|Any CPU.Build.0 = Release|Any CPU
		{D38E51B5-4979-4E5E-889C-9969BF4C915A}.ReleaseStrip|x64.ActiveCfg = Release|Any CPU
		{D38E51B5-4979-4E5E-889C-9969BF4C915A}.ReleaseStrip|x64.Build.0 = Release|Any CPU
		{D38E51B5-4979-4E5E-889C-9969BF4C915A}.ReleaseStrip|x86.ActiveCfg = Release|Any CPU
		{D38E51B5-4979-4E5E-889C-9969BF4C915A}.ReleaseStrip|x86.Build.0 = Release|Any CPU
		{D38E51B5-4979-4E5E-889C-9969BF4C915A}.ReleaseStripNoProfiling|Any CPU.ActiveCfg = Release|Any CPU
		{D38E51B5-4979-4E5E-889C-9969BF4C915A}.ReleaseStripNoProfiling|Any CPU.Build.0 = Release|Any CPU
		{D38E51B5-4979-4E5E-889C-9969BF4C915A}.ReleaseStripNoProfiling|x64.ActiveCfg = Release|Any CPU
		{D38E51B5-4979-4E5E-889C-9969BF4C915A}.ReleaseStripNoProfiling|x64.Build.0 = Release|Any CPU
		{D38E51B5-4979-4E5E-889C-9969BF4C915A}.ReleaseStripNoProfiling|x86.ActiveCfg = Release|Any CPU
		{D38E51B5-4979-4E5E-889C-9969BF4C915A}.ReleaseStripNoProfiling|x86.Build.0 = Release|Any CPU
		{A8CF0B7A-1D82-46EC-8615-3F43CB80BDE7}.Debug|Any CPU.ActiveCfg = Debug|Any CPU
		{A8CF0B7A-1D82-46EC-8615-3F43CB80BDE7}.Debug|Any CPU.Build.0 = Debug|Any CPU
		{A8CF0B7A-1D82-46EC-8615-3F43CB80BDE7}.Debug|x64.ActiveCfg = Debug|Any CPU
		{A8CF0B7A-1D82-46EC-8615-3F43CB80BDE7}.Debug|x64.Build.0 = Debug|Any CPU
		{A8CF0B7A-1D82-46EC-8615-3F43CB80BDE7}.Debug|x86.ActiveCfg = Debug|Any CPU
		{A8CF0B7A-1D82-46EC-8615-3F43CB80BDE7}.Debug|x86.Build.0 = Debug|Any CPU
		{A8CF0B7A-1D82-46EC-8615-3F43CB80BDE7}.Release|Any CPU.ActiveCfg = Release|Any CPU
		{A8CF0B7A-1D82-46EC-8615-3F43CB80BDE7}.Release|Any CPU.Build.0 = Release|Any CPU
		{A8CF0B7A-1D82-46EC-8615-3F43CB80BDE7}.Release|x64.ActiveCfg = Release|Any CPU
		{A8CF0B7A-1D82-46EC-8615-3F43CB80BDE7}.Release|x64.Build.0 = Release|Any CPU
		{A8CF0B7A-1D82-46EC-8615-3F43CB80BDE7}.Release|x86.ActiveCfg = Release|Any CPU
		{A8CF0B7A-1D82-46EC-8615-3F43CB80BDE7}.Release|x86.Build.0 = Release|Any CPU
		{A8CF0B7A-1D82-46EC-8615-3F43CB80BDE7}.ReleaseStrip|Any CPU.ActiveCfg = Release|Any CPU
		{A8CF0B7A-1D82-46EC-8615-3F43CB80BDE7}.ReleaseStrip|Any CPU.Build.0 = Release|Any CPU
		{A8CF0B7A-1D82-46EC-8615-3F43CB80BDE7}.ReleaseStrip|x64.ActiveCfg = Release|Any CPU
		{A8CF0B7A-1D82-46EC-8615-3F43CB80BDE7}.ReleaseStrip|x64.Build.0 = Release|Any CPU
		{A8CF0B7A-1D82-46EC-8615-3F43CB80BDE7}.ReleaseStrip|x86.ActiveCfg = Release|Any CPU
		{A8CF0B7A-1D82-46EC-8615-3F43CB80BDE7}.ReleaseStrip|x86.Build.0 = Release|Any CPU
		{A8CF0B7A-1D82-46EC-8615-3F43CB80BDE7}.ReleaseStripNoProfiling|Any CPU.ActiveCfg = Release|Any CPU
		{A8CF0B7A-1D82-46EC-8615-3F43CB80BDE7}.ReleaseStripNoProfiling|Any CPU.Build.0 = Release|Any CPU
		{A8CF0B7A-1D82-46EC-8615-3F43CB80BDE7}.ReleaseStripNoProfiling|x64.ActiveCfg = Release|Any CPU
		{A8CF0B7A-1D82-46EC-8615-3F43CB80BDE7}.ReleaseStripNoProfiling|x64.Build.0 = Release|Any CPU
		{A8CF0B7A-1D82-46EC-8615-3F43CB80BDE7}.ReleaseStripNoProfiling|x86.ActiveCfg = Release|Any CPU
		{A8CF0B7A-1D82-46EC-8615-3F43CB80BDE7}.ReleaseStripNoProfiling|x86.Build.0 = Release|Any CPU
		{96F24332-23A5-4DA5-A208-0381D33684DD}.Debug|Any CPU.ActiveCfg = Debug|Any CPU
		{96F24332-23A5-4DA5-A208-0381D33684DD}.Debug|Any CPU.Build.0 = Debug|Any CPU
		{96F24332-23A5-4DA5-A208-0381D33684DD}.Debug|x64.ActiveCfg = Debug|Any CPU
		{96F24332-23A5-4DA5-A208-0381D33684DD}.Debug|x64.Build.0 = Debug|Any CPU
		{96F24332-23A5-4DA5-A208-0381D33684DD}.Debug|x86.ActiveCfg = Debug|Any CPU
		{96F24332-23A5-4DA5-A208-0381D33684DD}.Debug|x86.Build.0 = Debug|Any CPU
		{96F24332-23A5-4DA5-A208-0381D33684DD}.Release|Any CPU.ActiveCfg = Release|Any CPU
		{96F24332-23A5-4DA5-A208-0381D33684DD}.Release|Any CPU.Build.0 = Release|Any CPU
		{96F24332-23A5-4DA5-A208-0381D33684DD}.Release|x64.ActiveCfg = Release|Any CPU
		{96F24332-23A5-4DA5-A208-0381D33684DD}.Release|x64.Build.0 = Release|Any CPU
		{96F24332-23A5-4DA5-A208-0381D33684DD}.Release|x86.ActiveCfg = Release|Any CPU
		{96F24332-23A5-4DA5-A208-0381D33684DD}.Release|x86.Build.0 = Release|Any CPU
		{96F24332-23A5-4DA5-A208-0381D33684DD}.ReleaseStrip|Any CPU.ActiveCfg = Release|Any CPU
		{96F24332-23A5-4DA5-A208-0381D33684DD}.ReleaseStrip|Any CPU.Build.0 = Release|Any CPU
		{96F24332-23A5-4DA5-A208-0381D33684DD}.ReleaseStrip|x64.ActiveCfg = Release|Any CPU
		{96F24332-23A5-4DA5-A208-0381D33684DD}.ReleaseStrip|x64.Build.0 = Release|Any CPU
		{96F24332-23A5-4DA5-A208-0381D33684DD}.ReleaseStrip|x86.ActiveCfg = Release|Any CPU
		{96F24332-23A5-4DA5-A208-0381D33684DD}.ReleaseStrip|x86.Build.0 = Release|Any CPU
		{96F24332-23A5-4DA5-A208-0381D33684DD}.ReleaseStripNoProfiling|Any CPU.ActiveCfg = Release|Any CPU
		{96F24332-23A5-4DA5-A208-0381D33684DD}.ReleaseStripNoProfiling|Any CPU.Build.0 = Release|Any CPU
		{96F24332-23A5-4DA5-A208-0381D33684DD}.ReleaseStripNoProfiling|x64.ActiveCfg = Release|Any CPU
		{96F24332-23A5-4DA5-A208-0381D33684DD}.ReleaseStripNoProfiling|x64.Build.0 = Release|Any CPU
		{96F24332-23A5-4DA5-A208-0381D33684DD}.ReleaseStripNoProfiling|x86.ActiveCfg = Release|Any CPU
		{96F24332-23A5-4DA5-A208-0381D33684DD}.ReleaseStripNoProfiling|x86.Build.0 = Release|Any CPU
	EndGlobalSection
	GlobalSection(SolutionProperties) = preSolution
		HideSolutionNode = FALSE
	EndGlobalSection
	GlobalSection(ExtensibilityGlobals) = postSolution
		SolutionGuid = {A6894B51-5773-4C78-8BDA-83890B33A851}
	EndGlobalSection
EndGlobal
